// !$*UTF8*$!
{
	archiveVersion = 1;
	classes = {
	};
	objectVersion = 46;
	objects = {

/* Begin PBXBuildFile section */
		96911DE719C68B3500FDF051 /* AppDelegate.swift in Sources */ = {isa = PBXBuildFile; fileRef = 96911DE619C68B3500FDF051 /* AppDelegate.swift */; };
		96911DEA19C68B3500FDF051 /* MultiplySwift.xcdatamodeld in Sources */ = {isa = PBXBuildFile; fileRef = 96911DE819C68B3500FDF051 /* MultiplySwift.xcdatamodeld */; };
		96911DEC19C68B3500FDF051 /* ViewController.swift in Sources */ = {isa = PBXBuildFile; fileRef = 96911DEB19C68B3500FDF051 /* ViewController.swift */; };
		96911DEF19C68B3500FDF051 /* Main.storyboard in Resources */ = {isa = PBXBuildFile; fileRef = 96911DED19C68B3500FDF051 /* Main.storyboard */; };
		96911DF119C68B3500FDF051 /* Images.xcassets in Resources */ = {isa = PBXBuildFile; fileRef = 96911DF019C68B3500FDF051 /* Images.xcassets */; };
		96911DFD19C68B3500FDF051 /* MultiplySwiftTests.swift in Sources */ = {isa = PBXBuildFile; fileRef = 96911DFC19C68B3500FDF051 /* MultiplySwiftTests.swift */; };
/* End PBXBuildFile section */

/* Begin PBXContainerItemProxy section */
		96911DF719C68B3500FDF051 /* PBXContainerItemProxy */ = {
			isa = PBXContainerItemProxy;
			containerPortal = 96911DD919C68B3500FDF051 /* Project object */;
			proxyType = 1;
			remoteGlobalIDString = 96911DE019C68B3500FDF051;
			remoteInfo = MultiplySwift;
		};
/* End PBXContainerItemProxy section */

/* Begin PBXFileReference section */
		96911DE119C68B3500FDF051 /* MultiplySwift.app */ = {isa = PBXFileReference; explicitFileType = wrapper.application; includeInIndex = 0; path = MultiplySwift.app; sourceTree = BUILT_PRODUCTS_DIR; };
		96911DE519C68B3500FDF051 /* Info.plist */ = {isa = PBXFileReference; lastKnownFileType = text.plist.xml; path = Info.plist; sourceTree = "<group>"; };
		96911DE619C68B3500FDF051 /* AppDelegate.swift */ = {isa = PBXFileReference; lastKnownFileType = sourcecode.swift; path = AppDelegate.swift; sourceTree = "<group>"; };
		96911DE919C68B3500FDF051 /* MultiplySwift.xcdatamodel */ = {isa = PBXFileReference; lastKnownFileType = wrapper.xcdatamodel; path = MultiplySwift.xcdatamodel; sourceTree = "<group>"; };
		96911DEB19C68B3500FDF051 /* ViewController.swift */ = {isa = PBXFileReference; lastKnownFileType = sourcecode.swift; path = ViewController.swift; sourceTree = "<group>"; };
		96911DEE19C68B3500FDF051 /* Base */ = {isa = PBXFileReference; lastKnownFileType = file.storyboard; name = Base; path = Base.lproj/Main.storyboard; sourceTree = "<group>"; };
		96911DF019C68B3500FDF051 /* Images.xcassets */ = {isa = PBXFileReference; lastKnownFileType = folder.assetcatalog; path = Images.xcassets; sourceTree = "<group>"; };
		96911DF619C68B3500FDF051 /* MultiplySwiftTests.xctest */ = {isa = PBXFileReference; explicitFileType = wrapper.cfbundle; includeInIndex = 0; path = MultiplySwiftTests.xctest; sourceTree = BUILT_PRODUCTS_DIR; };
		96911DFB19C68B3500FDF051 /* Info.plist */ = {isa = PBXFileReference; lastKnownFileType = text.plist.xml; path = Info.plist; sourceTree = "<group>"; };
		96911DFC19C68B3500FDF051 /* MultiplySwiftTests.swift */ = {isa = PBXFileReference; lastKnownFileType = sourcecode.swift; path = MultiplySwiftTests.swift; sourceTree = "<group>"; };
/* End PBXFileReference section */

/* Begin PBXFrameworksBuildPhase section */
		96911DDE19C68B3500FDF051 /* Frameworks */ = {
			isa = PBXFrameworksBuildPhase;
			buildActionMask = 2147483647;
			files = (
			);
			runOnlyForDeploymentPostprocessing = 0;
		};
		96911DF319C68B3500FDF051 /* Frameworks */ = {
			isa = PBXFrameworksBuildPhase;
			buildActionMask = 2147483647;
			files = (
			);
			runOnlyForDeploymentPostprocessing = 0;
		};
/* End PBXFrameworksBuildPhase section */

/* Begin PBXGroup section */
		96911DD819C68B3500FDF051 = {
			isa = PBXGroup;
			children = (
				96911DE319C68B3500FDF051 /* MultiplySwift */,
				96911DF919C68B3500FDF051 /* MultiplySwiftTests */,
				96911DE219C68B3500FDF051 /* Products */,
			);
			sourceTree = "<group>";
		};
		96911DE219C68B3500FDF051 /* Products */ = {
			isa = PBXGroup;
			children = (
				96911DE119C68B3500FDF051 /* MultiplySwift.app */,
				96911DF619C68B3500FDF051 /* MultiplySwiftTests.xctest */,
			);
			name = Products;
			sourceTree = "<group>";
		};
		96911DE319C68B3500FDF051 /* MultiplySwift */ = {
			isa = PBXGroup;
			children = (
				96911DE619C68B3500FDF051 /* AppDelegate.swift */,
				96911DEB19C68B3500FDF051 /* ViewController.swift */,
				96911DED19C68B3500FDF051 /* Main.storyboard */,
				96911DF019C68B3500FDF051 /* Images.xcassets */,
				96911DE819C68B3500FDF051 /* MultiplySwift.xcdatamodeld */,
				96911DE419C68B3500FDF051 /* Supporting Files */,
			);
			path = MultiplySwift;
			sourceTree = "<group>";
		};
		96911DE419C68B3500FDF051 /* Supporting Files */ = {
			isa = PBXGroup;
			children = (
				96911DE519C68B3500FDF051 /* Info.plist */,
			);
			name = "Supporting Files";
			sourceTree = "<group>";
		};
		96911DF919C68B3500FDF051 /* MultiplySwiftTests */ = {
			isa = PBXGroup;
			children = (
				96911DFC19C68B3500FDF051 /* MultiplySwiftTests.swift */,
				96911DFA19C68B3500FDF051 /* Supporting Files */,
			);
			path = MultiplySwiftTests;
			sourceTree = "<group>";
		};
		96911DFA19C68B3500FDF051 /* Supporting Files */ = {
			isa = PBXGroup;
			children = (
				96911DFB19C68B3500FDF051 /* Info.plist */,
			);
			name = "Supporting Files";
			sourceTree = "<group>";
		};
/* End PBXGroup section */

/* Begin PBXNativeTarget section */
		96911DE019C68B3500FDF051 /* MultiplySwift */ = {
			isa = PBXNativeTarget;
			buildConfigurationList = 96911E0019C68B3500FDF051 /* Build configuration list for PBXNativeTarget "MultiplySwift" */;
			buildPhases = (
				96911DDD19C68B3500FDF051 /* Sources */,
				96911DDE19C68B3500FDF051 /* Frameworks */,
				96911DDF19C68B3500FDF051 /* Resources */,
			);
			buildRules = (
			);
			dependencies = (
			);
			name = MultiplySwift;
			productName = MultiplySwift;
			productReference = 96911DE119C68B3500FDF051 /* MultiplySwift.app */;
			productType = "com.apple.product-type.application";
		};
		96911DF519C68B3500FDF051 /* MultiplySwiftTests */ = {
			isa = PBXNativeTarget;
			buildConfigurationList = 96911E0319C68B3500FDF051 /* Build configuration list for PBXNativeTarget "MultiplySwiftTests" */;
			buildPhases = (
				96911DF219C68B3500FDF051 /* Sources */,
				96911DF319C68B3500FDF051 /* Frameworks */,
				96911DF419C68B3500FDF051 /* Resources */,
			);
			buildRules = (
			);
			dependencies = (
				96911DF819C68B3500FDF051 /* PBXTargetDependency */,
			);
			name = MultiplySwiftTests;
			productName = MultiplySwiftTests;
			productReference = 96911DF619C68B3500FDF051 /* MultiplySwiftTests.xctest */;
			productType = "com.apple.product-type.bundle.unit-test";
		};
/* End PBXNativeTarget section */

/* Begin PBXProject section */
		96911DD919C68B3500FDF051 /* Project object */ = {
			isa = PBXProject;
			attributes = {
				LastUpgradeCheck = 0600;
				ORGANIZATIONNAME = "dominique vasquez";
				TargetAttributes = {
					96911DE019C68B3500FDF051 = {
						CreatedOnToolsVersion = 6.0;
					};
					96911DF519C68B3500FDF051 = {
						CreatedOnToolsVersion = 6.0;
						TestTargetID = 96911DE019C68B3500FDF051;
					};
				};
			};
			buildConfigurationList = 96911DDC19C68B3500FDF051 /* Build configuration list for PBXProject "MultiplySwift" */;
			compatibilityVersion = "Xcode 3.2";
			developmentRegion = English;
			hasScannedForEncodings = 0;
			knownRegions = (
				en,
				Base,
			);
			mainGroup = 96911DD819C68B3500FDF051;
			productRefGroup = 96911DE219C68B3500FDF051 /* Products */;
			projectDirPath = "";
			projectRoot = "";
			targets = (
				96911DE019C68B3500FDF051 /* MultiplySwift */,
				96911DF519C68B3500FDF051 /* MultiplySwiftTests */,
			);
		};
/* End PBXProject section */

/* Begin PBXResourcesBuildPhase section */
		96911DDF19C68B3500FDF051 /* Resources */ = {
			isa = PBXResourcesBuildPhase;
			buildActionMask = 2147483647;
			files = (
				96911DEF19C68B3500FDF051 /* Main.storyboard in Resources */,
				96911DF119C68B3500FDF051 /* Images.xcassets in Resources */,
			);
			runOnlyForDeploymentPostprocessing = 0;
		};
		96911DF419C68B3500FDF051 /* Resources */ = {
			isa = PBXResourcesBuildPhase;
			buildActionMask = 2147483647;
			files = (
			);
			runOnlyForDeploymentPostprocessing = 0;
		};
/* End PBXResourcesBuildPhase section */

/* Begin PBXSourcesBuildPhase section */
		96911DDD19C68B3500FDF051 /* Sources */ = {
			isa = PBXSourcesBuildPhase;
			buildActionMask = 2147483647;
			files = (
				96911DEC19C68B3500FDF051 /* ViewController.swift in Sources */,
				96911DE719C68B3500FDF051 /* AppDelegate.swift in Sources */,
				96911DEA19C68B3500FDF051 /* MultiplySwift.xcdatamodeld in Sources */,
			);
			runOnlyForDeploymentPostprocessing = 0;
		};
		96911DF219C68B3500FDF051 /* Sources */ = {
			isa = PBXSourcesBuildPhase;
			buildActionMask = 2147483647;
			files = (
				96911DFD19C68B3500FDF051 /* MultiplySwiftTests.swift in Sources */,
			);
			runOnlyForDeploymentPostprocessing = 0;
		};
/* End PBXSourcesBuildPhase section */

/* Begin PBXTargetDependency section */
		96911DF819C68B3500FDF051 /* PBXTargetDependency */ = {
			isa = PBXTargetDependency;
			target = 96911DE019C68B3500FDF051 /* MultiplySwift */;
			targetProxy = 96911DF719C68B3500FDF051 /* PBXContainerItemProxy */;
		};
/* End PBXTargetDependency section */

/* Begin PBXVariantGroup section */
		96911DED19C68B3500FDF051 /* Main.storyboard */ = {
			isa = PBXVariantGroup;
			children = (
				96911DEE19C68B3500FDF051 /* Base */,
			);
			name = Main.storyboard;
			sourceTree = "<group>";
		};
/* End PBXVariantGroup section */

/* Begin XCBuildConfiguration section */
		96911DFE19C68B3500FDF051 /* Debug */ = {
			isa = XCBuildConfiguration;
			buildSettings = {
				ALWAYS_SEARCH_USER_PATHS = NO;
				CLANG_CXX_LANGUAGE_STANDARD = "gnu++0x";
				CLANG_CXX_LIBRARY = "libc++";
				CLANG_ENABLE_MODULES = YES;
				CLANG_ENABLE_OBJC_ARC = YES;
				CLANG_WARN_BOOL_CONVERSION = YES;
				CLANG_WARN_CONSTANT_CONVERSION = YES;
				CLANG_WARN_DIRECT_OBJC_ISA_USAGE = YES_ERROR;
				CLANG_WARN_EMPTY_BODY = YES;
				CLANG_WARN_ENUM_CONVERSION = YES;
				CLANG_WARN_INT_CONVERSION = YES;
				CLANG_WARN_OBJC_ROOT_CLASS = YES_ERROR;
				CLANG_WARN_UNREACHABLE_CODE = YES;
				CLANG_WARN__DUPLICATE_METHOD_MATCH = YES;
				"CODE_SIGN_IDENTITY[sdk=iphoneos*]" = "iPhone Developer";
				COPY_PHASE_STRIP = NO;
				ENABLE_STRICT_OBJC_MSGSEND = YES;
				GCC_C_LANGUAGE_STANDARD = gnu99;
				GCC_DYNAMIC_NO_PIC = NO;
				GCC_OPTIMIZATION_LEVEL = 0;
				GCC_PREPROCESSOR_DEFINITIONS = (
					"DEBUG=1",
					"$(inherited)",
				);
				GCC_SYMBOLS_PRIVATE_EXTERN = NO;
				GCC_WARN_64_TO_32_BIT_CONVERSION = YES;
				GCC_WARN_ABOUT_RETURN_TYPE = YES_ERROR;
				GCC_WARN_UNDECLARED_SELECTOR = YES;
				GCC_WARN_UNINITIALIZED_AUTOS = YES_AGGRESSIVE;
				GCC_WARN_UNUSED_FUNCTION = YES;
				GCC_WARN_UNUSED_VARIABLE = YES;
				IPHONEOS_DEPLOYMENT_TARGET = 8.0;
				MTL_ENABLE_DEBUG_INFO = YES;
				ONLY_ACTIVE_ARCH = YES;
				SDKROOT = iphoneos;
				SWIFT_OPTIMIZATION_LEVEL = "-Onone";
			};
			name = Debug;
		};
		96911DFF19C68B3500FDF051 /* Release */ = {
			isa = XCBuildConfiguration;
			buildSettings = {
				ALWAYS_SEARCH_USER_PATHS = NO;
				CLANG_CXX_LANGUAGE_STANDARD = "gnu++0x";
				CLANG_CXX_LIBRARY = "libc++";
				CLANG_ENABLE_MODULES = YES;
				CLANG_ENABLE_OBJC_ARC = YES;
				CLANG_WARN_BOOL_CONVERSION = YES;
				CLANG_WARN_CONSTANT_CONVERSION = YES;
				CLANG_WARN_DIRECT_OBJC_ISA_USAGE = YES_ERROR;
				CLANG_WARN_EMPTY_BODY = YES;
				CLANG_WARN_ENUM_CONVERSION = YES;
				CLANG_WARN_INT_CONVERSION = YES;
				CLANG_WARN_OBJC_ROOT_CLASS = YES_ERROR;
				CLANG_WARN_UNREACHABLE_CODE = YES;
				CLANG_WARN__DUPLICATE_METHOD_MATCH = YES;
				"CODE_SIGN_IDENTITY[sdk=iphoneos*]" = "iPhone Developer";
				COPY_PHASE_STRIP = YES;
				ENABLE_NS_ASSERTIONS = NO;
				ENABLE_STRICT_OBJC_MSGSEND = YES;
				GCC_C_LANGUAGE_STANDARD = gnu99;
				GCC_WARN_64_TO_32_BIT_CONVERSION = YES;
				GCC_WARN_ABOUT_RETURN_TYPE = YES_ERROR;
				GCC_WARN_UNDECLARED_SELECTOR = YES;
				GCC_WARN_UNINITIALIZED_AUTOS = YES_AGGRESSIVE;
				GCC_WARN_UNUSED_FUNCTION = YES;
				GCC_WARN_UNUSED_VARIABLE = YES;
				IPHONEOS_DEPLOYMENT_TARGET = 8.0;
				MTL_ENABLE_DEBUG_INFO = NO;
				SDKROOT = iphoneos;
				VALIDATE_PRODUCT = YES;
			};
			name = Release;
		};
		96911E0119C68B3500FDF051 /* Debug */ = {
			isa = XCBuildConfiguration;
			buildSettings = {
				ASSETCATALOG_COMPILER_APPICON_NAME = AppIcon;
				ASSETCATALOG_COMPILER_LAUNCHIMAGE_NAME = LaunchImage;
				INFOPLIST_FILE = MultiplySwift/Info.plist;
				LD_RUNPATH_SEARCH_PATHS = "$(inherited) @executable_path/Frameworks";
				PRODUCT_NAME = "$(TARGET_NAME)";
			};
			name = Debug;
		};
		96911E0219C68B3500FDF051 /* Release */ = {
			isa = XCBuildConfiguration;
			buildSettings = {
				ASSETCATALOG_COMPILER_APPICON_NAME = AppIcon;
				ASSETCATALOG_COMPILER_LAUNCHIMAGE_NAME = LaunchImage;
				INFOPLIST_FILE = MultiplySwift/Info.plist;
				LD_RUNPATH_SEARCH_PATHS = "$(inherited) @executable_path/Frameworks";
				PRODUCT_NAME = "$(TARGET_NAME)";
			};
			name = Release;
		};
		96911E0419C68B3500FDF051 /* Debug */ = {
			isa = XCBuildConfiguration;
			buildSettings = {
				BUNDLE_LOADER = "$(TEST_HOST)";
				FRAMEWORK_SEARCH_PATHS = (
					"$(SDKROOT)/Developer/Library/Frameworks",
					"$(inherited)",
				);
				GCC_PREPROCESSOR_DEFINITIONS = (
					"DEBUG=1",
					"$(inherited)",
				);
				INFOPLIST_FILE = MultiplySwiftTests/Info.plist;
				LD_RUNPATH_SEARCH_PATHS = "$(inherited) @executable_path/Frameworks @loader_path/Frameworks";
				PRODUCT_NAME = "$(TARGET_NAME)";
				TEST_HOST = "$(BUILT_PRODUCTS_DIR)/MultiplySwift.app/MultiplySwift";
			};
			name = Debug;
		};
		96911E0519C68B3500FDF051 /* Release */ = {
			isa = XCBuildConfiguration;
			buildSettings = {
				BUNDLE_LOADER = "$(TEST_HOST)";
				FRAMEWORK_SEARCH_PATHS = (
					"$(SDKROOT)/Developer/Library/Frameworks",
					"$(inherited)",
				);
				INFOPLIST_FILE = MultiplySwiftTests/Info.plist;
				LD_RUNPATH_SEARCH_PATHS = "$(inherited) @executable_path/Frameworks @loader_path/Frameworks";
				PRODUCT_NAME = "$(TARGET_NAME)";
				TEST_HOST = "$(BUILT_PRODUCTS_DIR)/MultiplySwift.app/MultiplySwift";
			};
			name = Release;
		};
/* End XCBuildConfiguration section */

/* Begin XCConfigurationList section */
		96911DDC19C68B3500FDF051 /* Build configuration list for PBXProject "MultiplySwift" */ = {
			isa = XCConfigurationList;
			buildConfigurations = (
				96911DFE19C68B3500FDF051 /* Debug */,
				96911DFF19C68B3500FDF051 /* Release */,
			);
			defaultConfigurationIsVisible = 0;
			defaultConfigurationName = Release;
		};
		96911E0019C68B3500FDF051 /* Build configuration list for PBXNativeTarget "MultiplySwift" */ = {
			isa = XCConfigurationList;
			buildConfigurations = (
				96911E0119C68B3500FDF051 /* Debug */,
				96911E0219C68B3500FDF051 /* Release */,
			);
			defaultConfigurationIsVisible = 0;
		};
		96911E0319C68B3500FDF051 /* Build configuration list for PBXNativeTarget "MultiplySwiftTests" */ = {
			isa = XCConfigurationList;
			buildConfigurations = (
				96911E0419C68B3500FDF051 /* Debug */,
				96911E0519C68B3500FDF051 /* Release */,
			);
			defaultConfigurationIsVisible = 0;
		};
/* End XCConfigurationList section */

/* Begin XCVersionGroup section */
		96911DE819C68B3500FDF051 /* MultiplySwift.xcdatamodeld */ = {
			isa = XCVersionGroup;
			children = (
				96911DE919C68B3500FDF051 /* MultiplySwift.xcdatamodel */,
			);
			currentVersion = 96911DE919C68B3500FDF051 /* MultiplySwift.xcdatamodel */;
			path = MultiplySwift.xcdatamodeld;
			sourceTree = "<group>";
			versionGroupType = wrapper.xcdatamodel;
		};
/* End XCVersionGroup section */
	};
	rootObject = 96911DD919C68B3500FDF051 /* Project object */;
}
